// !$*UTF8*$!
{
	archiveVersion = 1;
	classes = {
	};
	objectVersion = 56;
	objects = {

/* Begin PBXBuildFile section */
		1118174529AD1CB2008CF82B /* HealthGoalsEntity.swift in Sources */ = {isa = PBXBuildFile; fileRef = 1118174429AD1CB2008CF82B /* HealthGoalsEntity.swift */; };
		1118174829AD3CC6008CF82B /* HealthKitController.swift in Sources */ = {isa = PBXBuildFile; fileRef = 1118174729AD3CC6008CF82B /* HealthKitController.swift */; };
		1118175529AD487A008CF82B /* HealthKitProtocol.swift in Sources */ = {isa = PBXBuildFile; fileRef = 1118175429AD487A008CF82B /* HealthKitProtocol.swift */; };
		1118175829AD4AAA008CF82B /* LaunchScreenHealthKit.swift in Sources */ = {isa = PBXBuildFile; fileRef = 1118175729AD4AAA008CF82B /* LaunchScreenHealthKit.swift */; };
		1118177129AD54EE008CF82B /* LaunchScreenViewModel.swift in Sources */ = {isa = PBXBuildFile; fileRef = 1118175E29AD54EE008CF82B /* LaunchScreenViewModel.swift */; };
		1118177229AD54EE008CF82B /* LaunchScreenView.swift in Sources */ = {isa = PBXBuildFile; fileRef = 1118176029AD54EE008CF82B /* LaunchScreenView.swift */; };
		1118177329AD54EE008CF82B /* LaunchScreen_Mocks.swift in Sources */ = {isa = PBXBuildFile; fileRef = 1118176329AD54EE008CF82B /* LaunchScreen_Mocks.swift */; };
		1118177429AD54EE008CF82B /* LaunchScreenServer.swift in Sources */ = {isa = PBXBuildFile; fileRef = 1118176529AD54EE008CF82B /* LaunchScreenServer.swift */; };
		1118177529AD54EE008CF82B /* LaunchScreenLocal.swift in Sources */ = {isa = PBXBuildFile; fileRef = 1118176729AD54EE008CF82B /* LaunchScreenLocal.swift */; };
		1118177629AD54EE008CF82B /* FirebaseAnalyticsLaunchScreenTracker.swift in Sources */ = {isa = PBXBuildFile; fileRef = 1118176929AD54EE008CF82B /* FirebaseAnalyticsLaunchScreenTracker.swift */; };
		1118177729AD54EE008CF82B /* LaunchScreenRepository.swift in Sources */ = {isa = PBXBuildFile; fileRef = 1118176C29AD54EE008CF82B /* LaunchScreenRepository.swift */; };
		1118177829AD54EE008CF82B /* LaunchScreenUseCasesOutput.swift in Sources */ = {isa = PBXBuildFile; fileRef = 1118176E29AD54EE008CF82B /* LaunchScreenUseCasesOutput.swift */; };
		1118177929AD54EE008CF82B /* LaunchScreenUseCases.swift in Sources */ = {isa = PBXBuildFile; fileRef = 1118176F29AD54EE008CF82B /* LaunchScreenUseCases.swift */; };
		1118177A29AD54EE008CF82B /* LaunchScreenUseCasesFactory.swift in Sources */ = {isa = PBXBuildFile; fileRef = 1118177029AD54EE008CF82B /* LaunchScreenUseCasesFactory.swift */; };
		1118177C29AD6754008CF82B /* AdButton.swift in Sources */ = {isa = PBXBuildFile; fileRef = 1118177B29AD6754008CF82B /* AdButton.swift */; };
		1118178029AD6E3F008CF82B /* AdHealthLoading.swift in Sources */ = {isa = PBXBuildFile; fileRef = 1118177F29AD6E3F008CF82B /* AdHealthLoading.swift */; };
		1118178229AD75CB008CF82B /* AdHealthAlert.swift in Sources */ = {isa = PBXBuildFile; fileRef = 1118178129AD75CB008CF82B /* AdHealthAlert.swift */; };
		1118178529AD8572008CF82B /* GoalsDataView.swift in Sources */ = {isa = PBXBuildFile; fileRef = 1118178429AD8572008CF82B /* GoalsDataView.swift */; };
		1118178929AD92F1008CF82B /* DailyGoalsCard.swift in Sources */ = {isa = PBXBuildFile; fileRef = 1118178829AD92F1008CF82B /* DailyGoalsCard.swift */; };
		1118178B29AD96A9008CF82B /* DailyGoalsView.swift in Sources */ = {isa = PBXBuildFile; fileRef = 1118178A29AD96A9008CF82B /* DailyGoalsView.swift */; };
		118D536D29AC16DD00B279F7 /* CoreDataControllerProtocol.swift in Sources */ = {isa = PBXBuildFile; fileRef = 118D536C29AC16DD00B279F7 /* CoreDataControllerProtocol.swift */; };
		118D536F29AC174B00B279F7 /* CoreDataController.swift in Sources */ = {isa = PBXBuildFile; fileRef = 118D536E29AC174B00B279F7 /* CoreDataController.swift */; };
		11F2E94E29ABDC6D003A524D /* AdHealth_TrackerApp.swift in Sources */ = {isa = PBXBuildFile; fileRef = 11F2E94D29ABDC6D003A524D /* AdHealth_TrackerApp.swift */; };
		11F2E95229ABDC6E003A524D /* Assets.xcassets in Resources */ = {isa = PBXBuildFile; fileRef = 11F2E95129ABDC6E003A524D /* Assets.xcassets */; };
		11F2E95529ABDC6E003A524D /* Preview Assets.xcassets in Resources */ = {isa = PBXBuildFile; fileRef = 11F2E95429ABDC6E003A524D /* Preview Assets.xcassets */; };
		11F2E95F29ABDC6F003A524D /* AdHealth_TrackerTests.swift in Sources */ = {isa = PBXBuildFile; fileRef = 11F2E95E29ABDC6F003A524D /* AdHealth_TrackerTests.swift */; };
		11F2E96929ABDC6F003A524D /* AdHealth_TrackerUITests.swift in Sources */ = {isa = PBXBuildFile; fileRef = 11F2E96829ABDC6F003A524D /* AdHealth_TrackerUITests.swift */; };
		11F2E96B29ABDC6F003A524D /* AdHealth_TrackerUITestsLaunchTests.swift in Sources */ = {isa = PBXBuildFile; fileRef = 11F2E96A29ABDC6F003A524D /* AdHealth_TrackerUITestsLaunchTests.swift */; };
		11F2E9C129ABDE2D003A524D /* AppError-Model.swift in Sources */ = {isa = PBXBuildFile; fileRef = 11F2E97B29ABDE2D003A524D /* AppError-Model.swift */; };
		11F2E9C229ABDE2D003A524D /* Dictionary-Extension.swift in Sources */ = {isa = PBXBuildFile; fileRef = 11F2E97D29ABDE2D003A524D /* Dictionary-Extension.swift */; };
		11F2E9C329ABDE2D003A524D /* TimeInterval-Extension.swift in Sources */ = {isa = PBXBuildFile; fileRef = 11F2E97E29ABDE2D003A524D /* TimeInterval-Extension.swift */; };
		11F2E9C429ABDE2D003A524D /* String-Extension.swift in Sources */ = {isa = PBXBuildFile; fileRef = 11F2E97F29ABDE2D003A524D /* String-Extension.swift */; };
		11F2E9C529ABDE2D003A524D /* Animation-Extension.swift in Sources */ = {isa = PBXBuildFile; fileRef = 11F2E98029ABDE2D003A524D /* Animation-Extension.swift */; };
		11F2E9C629ABDE2D003A524D /* UIImpactFeedBack.swift in Sources */ = {isa = PBXBuildFile; fileRef = 11F2E98329ABDE2D003A524D /* UIImpactFeedBack.swift */; };
		11F2E9C829ABDE2D003A524D /* StyleGuide.swift in Sources */ = {isa = PBXBuildFile; fileRef = 11F2E98729ABDE2D003A524D /* StyleGuide.swift */; };
		11F2E9C929ABDE2D003A524D /* PreferencesKey.swift in Sources */ = {isa = PBXBuildFile; fileRef = 11F2E98929ABDE2D003A524D /* PreferencesKey.swift */; };
		11F2E9CE29ABDE2D003A524D /* BackButtonView.swift in Sources */ = {isa = PBXBuildFile; fileRef = 11F2E99429ABDE2D003A524D /* BackButtonView.swift */; };
		11F2E9D329ABDE2D003A524D /* MeViewModel.swift in Sources */ = {isa = PBXBuildFile; fileRef = 11F2E99C29ABDE2D003A524D /* MeViewModel.swift */; };
		11F2E9D429ABDE2D003A524D /* Me.swift in Sources */ = {isa = PBXBuildFile; fileRef = 11F2E99E29ABDE2D003A524D /* Me.swift */; };
		11F2E9D529ABDE2D003A524D /* MeView.swift in Sources */ = {isa = PBXBuildFile; fileRef = 11F2E9A029ABDE2D003A524D /* MeView.swift */; };
		11F2E9D629ABDE2D003A524D /* ExpButton.swift in Sources */ = {isa = PBXBuildFile; fileRef = 11F2E9A329ABDE2D003A524D /* ExpButton.swift */; };
		11F2E9D729ABDE2D003A524D /* NetworkControllerProtocol.swift in Sources */ = {isa = PBXBuildFile; fileRef = 11F2E9A629ABDE2D003A524D /* NetworkControllerProtocol.swift */; };
		11F2E9D829ABDE2D003A524D /* NetworkEndpoint.swift in Sources */ = {isa = PBXBuildFile; fileRef = 11F2E9A729ABDE2D003A524D /* NetworkEndpoint.swift */; };
		11F2E9D929ABDE2D003A524D /* NetworkResponse.swift in Sources */ = {isa = PBXBuildFile; fileRef = 11F2E9A829ABDE2D003A524D /* NetworkResponse.swift */; };
		11F2E9DA29ABDE2D003A524D /* NetworkDecoder.swift in Sources */ = {isa = PBXBuildFile; fileRef = 11F2E9A929ABDE2D003A524D /* NetworkDecoder.swift */; };
		11F2E9DB29ABDE2D003A524D /* NetworkController.swift in Sources */ = {isa = PBXBuildFile; fileRef = 11F2E9AA29ABDE2D003A524D /* NetworkController.swift */; };
		11F2E9DD29ABDE2D003A524D /* AnalyticsEvent.swift in Sources */ = {isa = PBXBuildFile; fileRef = 11F2E9AF29ABDE2D003A524D /* AnalyticsEvent.swift */; };
		11F2E9DE29ABDE2D003A524D /* CloudKitAnalyticsEngine.swift in Sources */ = {isa = PBXBuildFile; fileRef = 11F2E9B129ABDE2D003A524D /* CloudKitAnalyticsEngine.swift */; };
		11F2E9DF29ABDE2D003A524D /* FirebaseAnalyticsEngine.swift in Sources */ = {isa = PBXBuildFile; fileRef = 11F2E9B229ABDE2D003A524D /* FirebaseAnalyticsEngine.swift */; };
		11F2E9E029ABDE2D003A524D /* Localizable.strings in Resources */ = {isa = PBXBuildFile; fileRef = 11F2E9B429ABDE2D003A524D /* Localizable.strings */; };
		11F2E9E129ABDE2D003A524D /* ConfigReader.swift in Sources */ = {isa = PBXBuildFile; fileRef = 11F2E9B829ABDE2D003A524D /* ConfigReader.swift */; };
		11F2E9E229ABDE2D003A524D /* ConfigurationDev.plist in Resources */ = {isa = PBXBuildFile; fileRef = 11F2E9BA29ABDE2D003A524D /* ConfigurationDev.plist */; };
		11F2E9E429ABDE2D003A524D /* ConfigurationManager.swift in Sources */ = {isa = PBXBuildFile; fileRef = 11F2E9BD29ABDE2D003A524D /* ConfigurationManager.swift */; };
		11F2E9E529ABDE2D003A524D /* ConfigurationProd.plist in Resources */ = {isa = PBXBuildFile; fileRef = 11F2E9BF29ABDE2D003A524D /* ConfigurationProd.plist */; };
		11F2E9FF29ABDE65003A524D /* HomeViewModel.swift in Sources */ = {isa = PBXBuildFile; fileRef = 11F2E9EC29ABDE65003A524D /* HomeViewModel.swift */; };
		11F2EA0029ABDE65003A524D /* HomeView.swift in Sources */ = {isa = PBXBuildFile; fileRef = 11F2E9EE29ABDE65003A524D /* HomeView.swift */; };
		11F2EA0129ABDE65003A524D /* Home_Mocks.swift in Sources */ = {isa = PBXBuildFile; fileRef = 11F2E9F129ABDE65003A524D /* Home_Mocks.swift */; };
		11F2EA0229ABDE65003A524D /* HomeServer.swift in Sources */ = {isa = PBXBuildFile; fileRef = 11F2E9F329ABDE65003A524D /* HomeServer.swift */; };
		11F2EA0329ABDE65003A524D /* HomeLocal.swift in Sources */ = {isa = PBXBuildFile; fileRef = 11F2E9F529ABDE65003A524D /* HomeLocal.swift */; };
		11F2EA0429ABDE65003A524D /* FirebaseAnalyticsHomeTracker.swift in Sources */ = {isa = PBXBuildFile; fileRef = 11F2E9F729ABDE65003A524D /* FirebaseAnalyticsHomeTracker.swift */; };
		11F2EA0529ABDE65003A524D /* HomeRepository.swift in Sources */ = {isa = PBXBuildFile; fileRef = 11F2E9FA29ABDE65003A524D /* HomeRepository.swift */; };
		11F2EA0629ABDE65003A524D /* HomeUseCasesFactory.swift in Sources */ = {isa = PBXBuildFile; fileRef = 11F2E9FC29ABDE65003A524D /* HomeUseCasesFactory.swift */; };
		11F2EA0729ABDE65003A524D /* HomeUseCasesOutput.swift in Sources */ = {isa = PBXBuildFile; fileRef = 11F2E9FD29ABDE65003A524D /* HomeUseCasesOutput.swift */; };
		11F2EA0829ABDE65003A524D /* HomeUseCases.swift in Sources */ = {isa = PBXBuildFile; fileRef = 11F2E9FE29ABDE65003A524D /* HomeUseCases.swift */; };
		11F2EA0B29ABDF45003A524D /* ConfettiSwiftUI in Frameworks */ = {isa = PBXBuildFile; productRef = 11F2EA0A29ABDF45003A524D /* ConfettiSwiftUI */; };
		11F2EA0E29ABE4EB003A524D /* HealthGoals-Model.swift in Sources */ = {isa = PBXBuildFile; fileRef = 11F2EA0D29ABE4EB003A524D /* HealthGoals-Model.swift */; };
		11F2EA1029ABE78A003A524D /* HomeServices.swift in Sources */ = {isa = PBXBuildFile; fileRef = 11F2EA0F29ABE78A003A524D /* HomeServices.swift */; };
		11F2EA1629AC0179003A524D /* CoreDataModel.xcdatamodeld in Sources */ = {isa = PBXBuildFile; fileRef = 11F2EA1429AC0179003A524D /* CoreDataModel.xcdatamodeld */; };
/* End PBXBuildFile section */

/* Begin PBXContainerItemProxy section */
		11F2E95B29ABDC6F003A524D /* PBXContainerItemProxy */ = {
			isa = PBXContainerItemProxy;
			containerPortal = 11F2E94229ABDC6D003A524D /* Project object */;
			proxyType = 1;
			remoteGlobalIDString = 11F2E94929ABDC6D003A524D;
			remoteInfo = "AdHealth Tracker";
		};
		11F2E96529ABDC6F003A524D /* PBXContainerItemProxy */ = {
			isa = PBXContainerItemProxy;
			containerPortal = 11F2E94229ABDC6D003A524D /* Project object */;
			proxyType = 1;
			remoteGlobalIDString = 11F2E94929ABDC6D003A524D;
			remoteInfo = "AdHealth Tracker";
		};
/* End PBXContainerItemProxy section */

/* Begin PBXFileReference section */
		1118174429AD1CB2008CF82B /* HealthGoalsEntity.swift */ = {isa = PBXFileReference; lastKnownFileType = sourcecode.swift; path = HealthGoalsEntity.swift; sourceTree = "<group>"; };
		1118174729AD3CC6008CF82B /* HealthKitController.swift */ = {isa = PBXFileReference; lastKnownFileType = sourcecode.swift; path = HealthKitController.swift; sourceTree = "<group>"; };
		1118174F29AD3F95008CF82B /* AdHealth Tracker.entitlements */ = {isa = PBXFileReference; lastKnownFileType = text.plist.entitlements; path = "AdHealth Tracker.entitlements"; sourceTree = "<group>"; };
		1118175429AD487A008CF82B /* HealthKitProtocol.swift */ = {isa = PBXFileReference; lastKnownFileType = sourcecode.swift; path = HealthKitProtocol.swift; sourceTree = "<group>"; };
		1118175729AD4AAA008CF82B /* LaunchScreenHealthKit.swift */ = {isa = PBXFileReference; lastKnownFileType = sourcecode.swift; path = LaunchScreenHealthKit.swift; sourceTree = "<group>"; };
		1118175E29AD54EE008CF82B /* LaunchScreenViewModel.swift */ = {isa = PBXFileReference; fileEncoding = 4; lastKnownFileType = sourcecode.swift; path = LaunchScreenViewModel.swift; sourceTree = "<group>"; };
		1118176029AD54EE008CF82B /* LaunchScreenView.swift */ = {isa = PBXFileReference; fileEncoding = 4; lastKnownFileType = sourcecode.swift; path = LaunchScreenView.swift; sourceTree = "<group>"; };
		1118176329AD54EE008CF82B /* LaunchScreen_Mocks.swift */ = {isa = PBXFileReference; fileEncoding = 4; lastKnownFileType = sourcecode.swift; path = LaunchScreen_Mocks.swift; sourceTree = "<group>"; };
		1118176529AD54EE008CF82B /* LaunchScreenServer.swift */ = {isa = PBXFileReference; fileEncoding = 4; lastKnownFileType = sourcecode.swift; path = LaunchScreenServer.swift; sourceTree = "<group>"; };
		1118176729AD54EE008CF82B /* LaunchScreenLocal.swift */ = {isa = PBXFileReference; fileEncoding = 4; lastKnownFileType = sourcecode.swift; path = LaunchScreenLocal.swift; sourceTree = "<group>"; };
		1118176929AD54EE008CF82B /* FirebaseAnalyticsLaunchScreenTracker.swift */ = {isa = PBXFileReference; fileEncoding = 4; lastKnownFileType = sourcecode.swift; path = FirebaseAnalyticsLaunchScreenTracker.swift; sourceTree = "<group>"; };
		1118176C29AD54EE008CF82B /* LaunchScreenRepository.swift */ = {isa = PBXFileReference; fileEncoding = 4; lastKnownFileType = sourcecode.swift; path = LaunchScreenRepository.swift; sourceTree = "<group>"; };
		1118176E29AD54EE008CF82B /* LaunchScreenUseCasesOutput.swift */ = {isa = PBXFileReference; fileEncoding = 4; lastKnownFileType = sourcecode.swift; path = LaunchScreenUseCasesOutput.swift; sourceTree = "<group>"; };
		1118176F29AD54EE008CF82B /* LaunchScreenUseCases.swift */ = {isa = PBXFileReference; fileEncoding = 4; lastKnownFileType = sourcecode.swift; path = LaunchScreenUseCases.swift; sourceTree = "<group>"; };
		1118177029AD54EE008CF82B /* LaunchScreenUseCasesFactory.swift */ = {isa = PBXFileReference; fileEncoding = 4; lastKnownFileType = sourcecode.swift; path = LaunchScreenUseCasesFactory.swift; sourceTree = "<group>"; };
		1118177B29AD6754008CF82B /* AdButton.swift */ = {isa = PBXFileReference; lastKnownFileType = sourcecode.swift; path = AdButton.swift; sourceTree = "<group>"; };
		1118177F29AD6E3F008CF82B /* AdHealthLoading.swift */ = {isa = PBXFileReference; lastKnownFileType = sourcecode.swift; path = AdHealthLoading.swift; sourceTree = "<group>"; };
		1118178129AD75CB008CF82B /* AdHealthAlert.swift */ = {isa = PBXFileReference; lastKnownFileType = sourcecode.swift; path = AdHealthAlert.swift; sourceTree = "<group>"; };
		1118178429AD8572008CF82B /* GoalsDataView.swift */ = {isa = PBXFileReference; lastKnownFileType = sourcecode.swift; path = GoalsDataView.swift; sourceTree = "<group>"; };
		1118178829AD92F1008CF82B /* DailyGoalsCard.swift */ = {isa = PBXFileReference; lastKnownFileType = sourcecode.swift; path = DailyGoalsCard.swift; sourceTree = "<group>"; };
		1118178A29AD96A9008CF82B /* DailyGoalsView.swift */ = {isa = PBXFileReference; lastKnownFileType = sourcecode.swift; path = DailyGoalsView.swift; sourceTree = "<group>"; };
		118D536C29AC16DD00B279F7 /* CoreDataControllerProtocol.swift */ = {isa = PBXFileReference; lastKnownFileType = sourcecode.swift; path = CoreDataControllerProtocol.swift; sourceTree = "<group>"; };
		118D536E29AC174B00B279F7 /* CoreDataController.swift */ = {isa = PBXFileReference; lastKnownFileType = sourcecode.swift; path = CoreDataController.swift; sourceTree = "<group>"; };
		11F2E94A29ABDC6D003A524D /* AdHealth Tracker.app */ = {isa = PBXFileReference; explicitFileType = wrapper.application; includeInIndex = 0; path = "AdHealth Tracker.app"; sourceTree = BUILT_PRODUCTS_DIR; };
		11F2E94D29ABDC6D003A524D /* AdHealth_TrackerApp.swift */ = {isa = PBXFileReference; lastKnownFileType = sourcecode.swift; path = AdHealth_TrackerApp.swift; sourceTree = "<group>"; };
		11F2E95129ABDC6E003A524D /* Assets.xcassets */ = {isa = PBXFileReference; lastKnownFileType = folder.assetcatalog; path = Assets.xcassets; sourceTree = "<group>"; };
		11F2E95429ABDC6E003A524D /* Preview Assets.xcassets */ = {isa = PBXFileReference; lastKnownFileType = folder.assetcatalog; path = "Preview Assets.xcassets"; sourceTree = "<group>"; };
		11F2E95A29ABDC6F003A524D /* AdHealth TrackerTests.xctest */ = {isa = PBXFileReference; explicitFileType = wrapper.cfbundle; includeInIndex = 0; path = "AdHealth TrackerTests.xctest"; sourceTree = BUILT_PRODUCTS_DIR; };
		11F2E95E29ABDC6F003A524D /* AdHealth_TrackerTests.swift */ = {isa = PBXFileReference; lastKnownFileType = sourcecode.swift; path = AdHealth_TrackerTests.swift; sourceTree = "<group>"; };
		11F2E96429ABDC6F003A524D /* AdHealth TrackerUITests.xctest */ = {isa = PBXFileReference; explicitFileType = wrapper.cfbundle; includeInIndex = 0; path = "AdHealth TrackerUITests.xctest"; sourceTree = BUILT_PRODUCTS_DIR; };
		11F2E96829ABDC6F003A524D /* AdHealth_TrackerUITests.swift */ = {isa = PBXFileReference; lastKnownFileType = sourcecode.swift; path = AdHealth_TrackerUITests.swift; sourceTree = "<group>"; };
		11F2E96A29ABDC6F003A524D /* AdHealth_TrackerUITestsLaunchTests.swift */ = {isa = PBXFileReference; lastKnownFileType = sourcecode.swift; path = AdHealth_TrackerUITestsLaunchTests.swift; sourceTree = "<group>"; };
		11F2E97729ABDD24003A524D /* AdHealth-Tracker-Info.plist */ = {isa = PBXFileReference; lastKnownFileType = text.plist; path = "AdHealth-Tracker-Info.plist"; sourceTree = SOURCE_ROOT; };
		11F2E97B29ABDE2D003A524D /* AppError-Model.swift */ = {isa = PBXFileReference; fileEncoding = 4; lastKnownFileType = sourcecode.swift; path = "AppError-Model.swift"; sourceTree = "<group>"; };
		11F2E97D29ABDE2D003A524D /* Dictionary-Extension.swift */ = {isa = PBXFileReference; fileEncoding = 4; lastKnownFileType = sourcecode.swift; path = "Dictionary-Extension.swift"; sourceTree = "<group>"; };
		11F2E97E29ABDE2D003A524D /* TimeInterval-Extension.swift */ = {isa = PBXFileReference; fileEncoding = 4; lastKnownFileType = sourcecode.swift; path = "TimeInterval-Extension.swift"; sourceTree = "<group>"; };
		11F2E97F29ABDE2D003A524D /* String-Extension.swift */ = {isa = PBXFileReference; fileEncoding = 4; lastKnownFileType = sourcecode.swift; path = "String-Extension.swift"; sourceTree = "<group>"; };
		11F2E98029ABDE2D003A524D /* Animation-Extension.swift */ = {isa = PBXFileReference; fileEncoding = 4; lastKnownFileType = sourcecode.swift; path = "Animation-Extension.swift"; sourceTree = "<group>"; };
		11F2E98329ABDE2D003A524D /* UIImpactFeedBack.swift */ = {isa = PBXFileReference; fileEncoding = 4; lastKnownFileType = sourcecode.swift; path = UIImpactFeedBack.swift; sourceTree = "<group>"; };
		11F2E98729ABDE2D003A524D /* StyleGuide.swift */ = {isa = PBXFileReference; fileEncoding = 4; lastKnownFileType = sourcecode.swift; path = StyleGuide.swift; sourceTree = "<group>"; };
		11F2E98929ABDE2D003A524D /* PreferencesKey.swift */ = {isa = PBXFileReference; fileEncoding = 4; lastKnownFileType = sourcecode.swift; path = PreferencesKey.swift; sourceTree = "<group>"; };
		11F2E99429ABDE2D003A524D /* BackButtonView.swift */ = {isa = PBXFileReference; fileEncoding = 4; lastKnownFileType = sourcecode.swift; path = BackButtonView.swift; sourceTree = "<group>"; };
		11F2E99C29ABDE2D003A524D /* MeViewModel.swift */ = {isa = PBXFileReference; fileEncoding = 4; lastKnownFileType = sourcecode.swift; path = MeViewModel.swift; sourceTree = "<group>"; };
		11F2E99E29ABDE2D003A524D /* Me.swift */ = {isa = PBXFileReference; fileEncoding = 4; lastKnownFileType = sourcecode.swift; path = Me.swift; sourceTree = "<group>"; };
		11F2E9A029ABDE2D003A524D /* MeView.swift */ = {isa = PBXFileReference; fileEncoding = 4; lastKnownFileType = sourcecode.swift; path = MeView.swift; sourceTree = "<group>"; };
		11F2E9A329ABDE2D003A524D /* ExpButton.swift */ = {isa = PBXFileReference; fileEncoding = 4; lastKnownFileType = sourcecode.swift; path = ExpButton.swift; sourceTree = "<group>"; };
		11F2E9A629ABDE2D003A524D /* NetworkControllerProtocol.swift */ = {isa = PBXFileReference; fileEncoding = 4; lastKnownFileType = sourcecode.swift; path = NetworkControllerProtocol.swift; sourceTree = "<group>"; };
		11F2E9A729ABDE2D003A524D /* NetworkEndpoint.swift */ = {isa = PBXFileReference; fileEncoding = 4; lastKnownFileType = sourcecode.swift; path = NetworkEndpoint.swift; sourceTree = "<group>"; };
		11F2E9A829ABDE2D003A524D /* NetworkResponse.swift */ = {isa = PBXFileReference; fileEncoding = 4; lastKnownFileType = sourcecode.swift; path = NetworkResponse.swift; sourceTree = "<group>"; };
		11F2E9A929ABDE2D003A524D /* NetworkDecoder.swift */ = {isa = PBXFileReference; fileEncoding = 4; lastKnownFileType = sourcecode.swift; path = NetworkDecoder.swift; sourceTree = "<group>"; };
		11F2E9AA29ABDE2D003A524D /* NetworkController.swift */ = {isa = PBXFileReference; fileEncoding = 4; lastKnownFileType = sourcecode.swift; path = NetworkController.swift; sourceTree = "<group>"; };
		11F2E9AF29ABDE2D003A524D /* AnalyticsEvent.swift */ = {isa = PBXFileReference; fileEncoding = 4; lastKnownFileType = sourcecode.swift; path = AnalyticsEvent.swift; sourceTree = "<group>"; };
		11F2E9B129ABDE2D003A524D /* CloudKitAnalyticsEngine.swift */ = {isa = PBXFileReference; fileEncoding = 4; lastKnownFileType = sourcecode.swift; path = CloudKitAnalyticsEngine.swift; sourceTree = "<group>"; };
		11F2E9B229ABDE2D003A524D /* FirebaseAnalyticsEngine.swift */ = {isa = PBXFileReference; fileEncoding = 4; lastKnownFileType = sourcecode.swift; path = FirebaseAnalyticsEngine.swift; sourceTree = "<group>"; };
		11F2E9B529ABDE2D003A524D /* en */ = {isa = PBXFileReference; lastKnownFileType = text.plist.strings; name = en; path = en.lproj/Localizable.strings; sourceTree = "<group>"; };
		11F2E9B629ABDE2D003A524D /* es */ = {isa = PBXFileReference; lastKnownFileType = text.plist.strings; name = es; path = es.lproj/Localizable.strings; sourceTree = "<group>"; };
		11F2E9B829ABDE2D003A524D /* ConfigReader.swift */ = {isa = PBXFileReference; fileEncoding = 4; lastKnownFileType = sourcecode.swift; path = ConfigReader.swift; sourceTree = "<group>"; };
		11F2E9BA29ABDE2D003A524D /* ConfigurationDev.plist */ = {isa = PBXFileReference; fileEncoding = 4; lastKnownFileType = text.plist.xml; path = ConfigurationDev.plist; sourceTree = "<group>"; };
		11F2E9BD29ABDE2D003A524D /* ConfigurationManager.swift */ = {isa = PBXFileReference; fileEncoding = 4; lastKnownFileType = sourcecode.swift; path = ConfigurationManager.swift; sourceTree = "<group>"; };
		11F2E9BF29ABDE2D003A524D /* ConfigurationProd.plist */ = {isa = PBXFileReference; fileEncoding = 4; lastKnownFileType = text.plist.xml; path = ConfigurationProd.plist; sourceTree = "<group>"; };
		11F2E9EC29ABDE65003A524D /* HomeViewModel.swift */ = {isa = PBXFileReference; fileEncoding = 4; lastKnownFileType = sourcecode.swift; path = HomeViewModel.swift; sourceTree = "<group>"; };
		11F2E9EE29ABDE65003A524D /* HomeView.swift */ = {isa = PBXFileReference; fileEncoding = 4; lastKnownFileType = sourcecode.swift; path = HomeView.swift; sourceTree = "<group>"; };
		11F2E9F129ABDE65003A524D /* Home_Mocks.swift */ = {isa = PBXFileReference; fileEncoding = 4; lastKnownFileType = sourcecode.swift; path = Home_Mocks.swift; sourceTree = "<group>"; };
		11F2E9F329ABDE65003A524D /* HomeServer.swift */ = {isa = PBXFileReference; fileEncoding = 4; lastKnownFileType = sourcecode.swift; path = HomeServer.swift; sourceTree = "<group>"; };
		11F2E9F529ABDE65003A524D /* HomeLocal.swift */ = {isa = PBXFileReference; fileEncoding = 4; lastKnownFileType = sourcecode.swift; path = HomeLocal.swift; sourceTree = "<group>"; };
		11F2E9F729ABDE65003A524D /* FirebaseAnalyticsHomeTracker.swift */ = {isa = PBXFileReference; fileEncoding = 4; lastKnownFileType = sourcecode.swift; path = FirebaseAnalyticsHomeTracker.swift; sourceTree = "<group>"; };
		11F2E9FA29ABDE65003A524D /* HomeRepository.swift */ = {isa = PBXFileReference; fileEncoding = 4; lastKnownFileType = sourcecode.swift; path = HomeRepository.swift; sourceTree = "<group>"; };
		11F2E9FC29ABDE65003A524D /* HomeUseCasesFactory.swift */ = {isa = PBXFileReference; fileEncoding = 4; lastKnownFileType = sourcecode.swift; path = HomeUseCasesFactory.swift; sourceTree = "<group>"; };
		11F2E9FD29ABDE65003A524D /* HomeUseCasesOutput.swift */ = {isa = PBXFileReference; fileEncoding = 4; lastKnownFileType = sourcecode.swift; path = HomeUseCasesOutput.swift; sourceTree = "<group>"; };
		11F2E9FE29ABDE65003A524D /* HomeUseCases.swift */ = {isa = PBXFileReference; fileEncoding = 4; lastKnownFileType = sourcecode.swift; path = HomeUseCases.swift; sourceTree = "<group>"; };
		11F2EA0D29ABE4EB003A524D /* HealthGoals-Model.swift */ = {isa = PBXFileReference; lastKnownFileType = sourcecode.swift; path = "HealthGoals-Model.swift"; sourceTree = "<group>"; };
		11F2EA0F29ABE78A003A524D /* HomeServices.swift */ = {isa = PBXFileReference; lastKnownFileType = sourcecode.swift; path = HomeServices.swift; sourceTree = "<group>"; };
		11F2EA1529AC0179003A524D /* CoreDataModel.xcdatamodel */ = {isa = PBXFileReference; lastKnownFileType = wrapper.xcdatamodel; path = CoreDataModel.xcdatamodel; sourceTree = "<group>"; };
/* End PBXFileReference section */

/* Begin PBXFrameworksBuildPhase section */
		11F2E94729ABDC6D003A524D /* Frameworks */ = {
			isa = PBXFrameworksBuildPhase;
			buildActionMask = 2147483647;
			files = (
				11F2EA0B29ABDF45003A524D /* ConfettiSwiftUI in Frameworks */,
			);
			runOnlyForDeploymentPostprocessing = 0;
		};
		11F2E95729ABDC6F003A524D /* Frameworks */ = {
			isa = PBXFrameworksBuildPhase;
			buildActionMask = 2147483647;
			files = (
			);
			runOnlyForDeploymentPostprocessing = 0;
		};
		11F2E96129ABDC6F003A524D /* Frameworks */ = {
			isa = PBXFrameworksBuildPhase;
			buildActionMask = 2147483647;
			files = (
			);
			runOnlyForDeploymentPostprocessing = 0;
		};
/* End PBXFrameworksBuildPhase section */

/* Begin PBXGroup section */
		1118174229AD1C84008CF82B /* Models */ = {
			isa = PBXGroup;
			children = (
				1118174329AD1C93008CF82B /* Entity */,
				11F2EA1429AC0179003A524D /* CoreDataModel.xcdatamodeld */,
			);
			path = Models;
			sourceTree = "<group>";
		};
		1118174329AD1C93008CF82B /* Entity */ = {
			isa = PBXGroup;
			children = (
				1118174429AD1CB2008CF82B /* HealthGoalsEntity.swift */,
			);
			path = Entity;
			sourceTree = "<group>";
		};
		1118174629AD3CAC008CF82B /* HealthKit */ = {
			isa = PBXGroup;
			children = (
				1118175429AD487A008CF82B /* HealthKitProtocol.swift */,
				1118174729AD3CC6008CF82B /* HealthKitController.swift */,
			);
			path = HealthKit;
			sourceTree = "<group>";
		};
		1118175629AD4A86008CF82B /* Health */ = {
			isa = PBXGroup;
			children = (
				1118175729AD4AAA008CF82B /* LaunchScreenHealthKit.swift */,
			);
			path = Health;
			sourceTree = "<group>";
		};
		1118175B29AD54EE008CF82B /* LaunchScreen */ = {
			isa = PBXGroup;
			children = (
				1118175C29AD54EE008CF82B /* UI */,
				1118176A29AD54EE008CF82B /* Domain */,
				1118176129AD54EE008CF82B /* Data */,
			);
			path = LaunchScreen;
			sourceTree = "<group>";
		};
		1118175C29AD54EE008CF82B /* UI */ = {
			isa = PBXGroup;
			children = (
				1118175D29AD54EE008CF82B /* ViewModel */,
				1118175F29AD54EE008CF82B /* View */,
			);
			path = UI;
			sourceTree = "<group>";
		};
		1118175D29AD54EE008CF82B /* ViewModel */ = {
			isa = PBXGroup;
			children = (
				1118175E29AD54EE008CF82B /* LaunchScreenViewModel.swift */,
			);
			path = ViewModel;
			sourceTree = "<group>";
		};
		1118175F29AD54EE008CF82B /* View */ = {
			isa = PBXGroup;
			children = (
				1118176029AD54EE008CF82B /* LaunchScreenView.swift */,
			);
			path = View;
			sourceTree = "<group>";
		};
		1118176129AD54EE008CF82B /* Data */ = {
			isa = PBXGroup;
			children = (
				1118175629AD4A86008CF82B /* Health */,
				1118176229AD54EE008CF82B /* Mocks */,
				1118176429AD54EE008CF82B /* Server */,
				1118176629AD54EE008CF82B /* Local */,
				1118176829AD54EE008CF82B /* Analytics */,
			);
			path = Data;
			sourceTree = "<group>";
		};
		1118176229AD54EE008CF82B /* Mocks */ = {
			isa = PBXGroup;
			children = (
				1118176329AD54EE008CF82B /* LaunchScreen_Mocks.swift */,
			);
			path = Mocks;
			sourceTree = "<group>";
		};
		1118176429AD54EE008CF82B /* Server */ = {
			isa = PBXGroup;
			children = (
				1118176529AD54EE008CF82B /* LaunchScreenServer.swift */,
			);
			path = Server;
			sourceTree = "<group>";
		};
		1118176629AD54EE008CF82B /* Local */ = {
			isa = PBXGroup;
			children = (
				1118176729AD54EE008CF82B /* LaunchScreenLocal.swift */,
			);
			path = Local;
			sourceTree = "<group>";
		};
		1118176829AD54EE008CF82B /* Analytics */ = {
			isa = PBXGroup;
			children = (
				1118176929AD54EE008CF82B /* FirebaseAnalyticsLaunchScreenTracker.swift */,
			);
			path = Analytics;
			sourceTree = "<group>";
		};
		1118176A29AD54EE008CF82B /* Domain */ = {
			isa = PBXGroup;
			children = (
				1118176B29AD54EE008CF82B /* Repository */,
				1118176D29AD54EE008CF82B /* UseCases */,
			);
			path = Domain;
			sourceTree = "<group>";
		};
		1118176B29AD54EE008CF82B /* Repository */ = {
			isa = PBXGroup;
			children = (
				1118176C29AD54EE008CF82B /* LaunchScreenRepository.swift */,
			);
			path = Repository;
			sourceTree = "<group>";
		};
		1118176D29AD54EE008CF82B /* UseCases */ = {
			isa = PBXGroup;
			children = (
				1118176E29AD54EE008CF82B /* LaunchScreenUseCasesOutput.swift */,
				1118176F29AD54EE008CF82B /* LaunchScreenUseCases.swift */,
				1118177029AD54EE008CF82B /* LaunchScreenUseCasesFactory.swift */,
			);
			path = UseCases;
			sourceTree = "<group>";
		};
		1118177E29AD6E28008CF82B /* Loading */ = {
			isa = PBXGroup;
			children = (
				1118177F29AD6E3F008CF82B /* AdHealthLoading.swift */,
			);
			path = Loading;
			sourceTree = "<group>";
		};
		1118178329AD8538008CF82B /* Views */ = {
			isa = PBXGroup;
			children = (
				1118178429AD8572008CF82B /* GoalsDataView.swift */,
				1118178A29AD96A9008CF82B /* DailyGoalsView.swift */,
			);
			path = Views;
			sourceTree = "<group>";
		};
		11F2E94129ABDC6D003A524D = {
			isa = PBXGroup;
			children = (
				11F2E94C29ABDC6D003A524D /* AdHealth Tracker */,
				11F2E95D29ABDC6F003A524D /* AdHealth TrackerTests */,
				11F2E96729ABDC6F003A524D /* AdHealth TrackerUITests */,
				11F2E94B29ABDC6D003A524D /* Products */,
			);
			sourceTree = "<group>";
		};
		11F2E94B29ABDC6D003A524D /* Products */ = {
			isa = PBXGroup;
			children = (
				11F2E94A29ABDC6D003A524D /* AdHealth Tracker.app */,
				11F2E95A29ABDC6F003A524D /* AdHealth TrackerTests.xctest */,
				11F2E96429ABDC6F003A524D /* AdHealth TrackerUITests.xctest */,
			);
			name = Products;
			sourceTree = "<group>";
		};
		11F2E94C29ABDC6D003A524D /* AdHealth Tracker */ = {
			isa = PBXGroup;
			children = (
				1118174F29AD3F95008CF82B /* AdHealth Tracker.entitlements */,
				11F2E97729ABDD24003A524D /* AdHealth-Tracker-Info.plist */,
				11F2EA0C29ABE3BF003A524D /* BaseFiles */,
				11F2E9E629ABDE36003A524D /* Modules */,
				11F2E9AE29ABDE2D003A524D /* Analytics */,
				11F2E9A429ABDE2D003A524D /* API */,
				11F2EA1129ABF9E8003A524D /* CoreData */,
				1118174629AD3CAC008CF82B /* HealthKit */,
				11F2E97829ABDE2D003A524D /* Shared */,
				11F2E98D29ABDE2D003A524D /* SharedUI */,
				11F2E9B329ABDE2D003A524D /* SuportingFiles */,
				11F2E95129ABDC6E003A524D /* Assets.xcassets */,
				11F2E95329ABDC6E003A524D /* Preview Content */,
			);
			path = "AdHealth Tracker";
			sourceTree = "<group>";
		};
		11F2E95329ABDC6E003A524D /* Preview Content */ = {
			isa = PBXGroup;
			children = (
				11F2E95429ABDC6E003A524D /* Preview Assets.xcassets */,
			);
			path = "Preview Content";
			sourceTree = "<group>";
		};
		11F2E95D29ABDC6F003A524D /* AdHealth TrackerTests */ = {
			isa = PBXGroup;
			children = (
				11F2E95E29ABDC6F003A524D /* AdHealth_TrackerTests.swift */,
			);
			path = "AdHealth TrackerTests";
			sourceTree = "<group>";
		};
		11F2E96729ABDC6F003A524D /* AdHealth TrackerUITests */ = {
			isa = PBXGroup;
			children = (
				11F2E96829ABDC6F003A524D /* AdHealth_TrackerUITests.swift */,
				11F2E96A29ABDC6F003A524D /* AdHealth_TrackerUITestsLaunchTests.swift */,
			);
			path = "AdHealth TrackerUITests";
			sourceTree = "<group>";
		};
		11F2E97829ABDE2D003A524D /* Shared */ = {
			isa = PBXGroup;
			children = (
				11F2E97929ABDE2D003A524D /* Models */,
				11F2E97C29ABDE2D003A524D /* Extensions */,
				11F2E98129ABDE2D003A524D /* Utilities */,
				11F2E98629ABDE2D003A524D /* StyleGuide */,
				11F2E98829ABDE2D003A524D /* Preferences Key */,
			);
			path = Shared;
			sourceTree = "<group>";
		};
		11F2E97929ABDE2D003A524D /* Models */ = {
			isa = PBXGroup;
			children = (
				11F2E97B29ABDE2D003A524D /* AppError-Model.swift */,
				11F2EA0D29ABE4EB003A524D /* HealthGoals-Model.swift */,
			);
			path = Models;
			sourceTree = "<group>";
		};
		11F2E97C29ABDE2D003A524D /* Extensions */ = {
			isa = PBXGroup;
			children = (
				11F2E97D29ABDE2D003A524D /* Dictionary-Extension.swift */,
				11F2E97E29ABDE2D003A524D /* TimeInterval-Extension.swift */,
				11F2E97F29ABDE2D003A524D /* String-Extension.swift */,
				11F2E98029ABDE2D003A524D /* Animation-Extension.swift */,
			);
			path = Extensions;
			sourceTree = "<group>";
		};
		11F2E98129ABDE2D003A524D /* Utilities */ = {
			isa = PBXGroup;
			children = (
				11F2E98229ABDE2D003A524D /* UIImpactFeedBack */,
			);
			path = Utilities;
			sourceTree = "<group>";
		};
		11F2E98229ABDE2D003A524D /* UIImpactFeedBack */ = {
			isa = PBXGroup;
			children = (
				11F2E98329ABDE2D003A524D /* UIImpactFeedBack.swift */,
			);
			path = UIImpactFeedBack;
			sourceTree = "<group>";
		};
		11F2E98629ABDE2D003A524D /* StyleGuide */ = {
			isa = PBXGroup;
			children = (
				11F2E98729ABDE2D003A524D /* StyleGuide.swift */,
			);
			path = StyleGuide;
			sourceTree = "<group>";
		};
		11F2E98829ABDE2D003A524D /* Preferences Key */ = {
			isa = PBXGroup;
			children = (
				11F2E98929ABDE2D003A524D /* PreferencesKey.swift */,
			);
			path = "Preferences Key";
			sourceTree = "<group>";
		};
		11F2E98D29ABDE2D003A524D /* SharedUI */ = {
			isa = PBXGroup;
			children = (
				11F2E98E29ABDE2D003A524D /* Modifiers */,
				11F2E98F29ABDE2D003A524D /* Cards */,
				11F2E99229ABDE2D003A524D /* Components */,
				11F2E9A129ABDE2D003A524D /* Generic */,
			);
			path = SharedUI;
			sourceTree = "<group>";
		};
		11F2E98E29ABDE2D003A524D /* Modifiers */ = {
			isa = PBXGroup;
			children = (
			);
			path = Modifiers;
			sourceTree = "<group>";
		};
		11F2E98F29ABDE2D003A524D /* Cards */ = {
			isa = PBXGroup;
			children = (
				1118178829AD92F1008CF82B /* DailyGoalsCard.swift */,
			);
			path = Cards;
			sourceTree = "<group>";
		};
		11F2E99229ABDE2D003A524D /* Components */ = {
			isa = PBXGroup;
			children = (
				1118178329AD8538008CF82B /* Views */,
				1118177E29AD6E28008CF82B /* Loading */,
				11F2E99329ABDE2D003A524D /* Buttons */,
				11F2E99829ABDE2D003A524D /* Alerts */,
				11F2E99A29ABDE2D003A524D /* Me */,
			);
			path = Components;
			sourceTree = "<group>";
		};
		11F2E99329ABDE2D003A524D /* Buttons */ = {
			isa = PBXGroup;
			children = (
				11F2E99429ABDE2D003A524D /* BackButtonView.swift */,
				1118177B29AD6754008CF82B /* AdButton.swift */,
			);
			path = Buttons;
			sourceTree = "<group>";
		};
		11F2E99829ABDE2D003A524D /* Alerts */ = {
			isa = PBXGroup;
			children = (
				1118178129AD75CB008CF82B /* AdHealthAlert.swift */,
			);
			path = Alerts;
			sourceTree = "<group>";
		};
		11F2E99A29ABDE2D003A524D /* Me */ = {
			isa = PBXGroup;
			children = (
				11F2E99B29ABDE2D003A524D /* ViewModel */,
				11F2E99D29ABDE2D003A524D /* Models */,
				11F2E99F29ABDE2D003A524D /* View */,
			);
			path = Me;
			sourceTree = "<group>";
		};
		11F2E99B29ABDE2D003A524D /* ViewModel */ = {
			isa = PBXGroup;
			children = (
				11F2E99C29ABDE2D003A524D /* MeViewModel.swift */,
			);
			path = ViewModel;
			sourceTree = "<group>";
		};
		11F2E99D29ABDE2D003A524D /* Models */ = {
			isa = PBXGroup;
			children = (
				11F2E99E29ABDE2D003A524D /* Me.swift */,
			);
			path = Models;
			sourceTree = "<group>";
		};
		11F2E99F29ABDE2D003A524D /* View */ = {
			isa = PBXGroup;
			children = (
				11F2E9A029ABDE2D003A524D /* MeView.swift */,
			);
			path = View;
			sourceTree = "<group>";
		};
		11F2E9A129ABDE2D003A524D /* Generic */ = {
			isa = PBXGroup;
			children = (
				11F2E9A229ABDE2D003A524D /* Buttons */,
			);
			path = Generic;
			sourceTree = "<group>";
		};
		11F2E9A229ABDE2D003A524D /* Buttons */ = {
			isa = PBXGroup;
			children = (
				11F2E9A329ABDE2D003A524D /* ExpButton.swift */,
			);
			path = Buttons;
			sourceTree = "<group>";
		};
		11F2E9A429ABDE2D003A524D /* API */ = {
			isa = PBXGroup;
			children = (
				11F2E9A529ABDE2D003A524D /* Servers */,
				11F2E9AB29ABDE2D003A524D /* Services */,
			);
			path = API;
			sourceTree = "<group>";
		};
		11F2E9A529ABDE2D003A524D /* Servers */ = {
			isa = PBXGroup;
			children = (
				11F2E9A629ABDE2D003A524D /* NetworkControllerProtocol.swift */,
				11F2E9AA29ABDE2D003A524D /* NetworkController.swift */,
				11F2E9A729ABDE2D003A524D /* NetworkEndpoint.swift */,
				11F2E9A829ABDE2D003A524D /* NetworkResponse.swift */,
				11F2E9A929ABDE2D003A524D /* NetworkDecoder.swift */,
			);
			path = Servers;
			sourceTree = "<group>";
		};
		11F2E9AB29ABDE2D003A524D /* Services */ = {
			isa = PBXGroup;
			children = (
				11F2EA0F29ABE78A003A524D /* HomeServices.swift */,
			);
			path = Services;
			sourceTree = "<group>";
		};
		11F2E9AE29ABDE2D003A524D /* Analytics */ = {
			isa = PBXGroup;
			children = (
				11F2E9AF29ABDE2D003A524D /* AnalyticsEvent.swift */,
				11F2E9B029ABDE2D003A524D /* Engine */,
			);
			path = Analytics;
			sourceTree = "<group>";
		};
		11F2E9B029ABDE2D003A524D /* Engine */ = {
			isa = PBXGroup;
			children = (
				11F2E9B129ABDE2D003A524D /* CloudKitAnalyticsEngine.swift */,
				11F2E9B229ABDE2D003A524D /* FirebaseAnalyticsEngine.swift */,
			);
			path = Engine;
			sourceTree = "<group>";
		};
		11F2E9B329ABDE2D003A524D /* SuportingFiles */ = {
			isa = PBXGroup;
			children = (
				11F2E9B429ABDE2D003A524D /* Localizable.strings */,
				11F2E9B729ABDE2D003A524D /* AppConfig */,
			);
			path = SuportingFiles;
			sourceTree = "<group>";
		};
		11F2E9B729ABDE2D003A524D /* AppConfig */ = {
			isa = PBXGroup;
			children = (
				11F2E9BD29ABDE2D003A524D /* ConfigurationManager.swift */,
				11F2E9B829ABDE2D003A524D /* ConfigReader.swift */,
				11F2E9B929ABDE2D003A524D /* Development */,
				11F2E9BE29ABDE2D003A524D /* Production */,
			);
			path = AppConfig;
			sourceTree = "<group>";
		};
		11F2E9B929ABDE2D003A524D /* Development */ = {
			isa = PBXGroup;
			children = (
				11F2E9BA29ABDE2D003A524D /* ConfigurationDev.plist */,
			);
			path = Development;
			sourceTree = "<group>";
		};
		11F2E9BE29ABDE2D003A524D /* Production */ = {
			isa = PBXGroup;
			children = (
				11F2E9BF29ABDE2D003A524D /* ConfigurationProd.plist */,
			);
			path = Production;
			sourceTree = "<group>";
		};
		11F2E9E629ABDE36003A524D /* Modules */ = {
			isa = PBXGroup;
			children = (
				1118175B29AD54EE008CF82B /* LaunchScreen */,
				11F2E9E929ABDE65003A524D /* Home */,
			);
			path = Modules;
			sourceTree = "<group>";
		};
		11F2E9E929ABDE65003A524D /* Home */ = {
			isa = PBXGroup;
			children = (
				11F2E9EA29ABDE65003A524D /* UI */,
				11F2E9F829ABDE65003A524D /* Domain */,
				11F2E9EF29ABDE65003A524D /* Data */,
			);
			path = Home;
			sourceTree = "<group>";
		};
		11F2E9EA29ABDE65003A524D /* UI */ = {
			isa = PBXGroup;
			children = (
				11F2E9ED29ABDE65003A524D /* View */,
				11F2E9EB29ABDE65003A524D /* ViewModel */,
			);
			path = UI;
			sourceTree = "<group>";
		};
		11F2E9EB29ABDE65003A524D /* ViewModel */ = {
			isa = PBXGroup;
			children = (
				11F2E9EC29ABDE65003A524D /* HomeViewModel.swift */,
			);
			path = ViewModel;
			sourceTree = "<group>";
		};
		11F2E9ED29ABDE65003A524D /* View */ = {
			isa = PBXGroup;
			children = (
				11F2E9EE29ABDE65003A524D /* HomeView.swift */,
			);
			path = View;
			sourceTree = "<group>";
		};
		11F2E9EF29ABDE65003A524D /* Data */ = {
			isa = PBXGroup;
			children = (
				11F2E9F029ABDE65003A524D /* Mocks */,
				11F2E9F229ABDE65003A524D /* Server */,
				11F2E9F429ABDE65003A524D /* Local */,
				11F2E9F629ABDE65003A524D /* Analytics */,
			);
			path = Data;
			sourceTree = "<group>";
		};
		11F2E9F029ABDE65003A524D /* Mocks */ = {
			isa = PBXGroup;
			children = (
				11F2E9F129ABDE65003A524D /* Home_Mocks.swift */,
			);
			path = Mocks;
			sourceTree = "<group>";
		};
		11F2E9F229ABDE65003A524D /* Server */ = {
			isa = PBXGroup;
			children = (
				11F2E9F329ABDE65003A524D /* HomeServer.swift */,
			);
			path = Server;
			sourceTree = "<group>";
		};
		11F2E9F429ABDE65003A524D /* Local */ = {
			isa = PBXGroup;
			children = (
				11F2E9F529ABDE65003A524D /* HomeLocal.swift */,
			);
			path = Local;
			sourceTree = "<group>";
		};
		11F2E9F629ABDE65003A524D /* Analytics */ = {
			isa = PBXGroup;
			children = (
				11F2E9F729ABDE65003A524D /* FirebaseAnalyticsHomeTracker.swift */,
			);
			path = Analytics;
			sourceTree = "<group>";
		};
		11F2E9F829ABDE65003A524D /* Domain */ = {
			isa = PBXGroup;
			children = (
				11F2E9FB29ABDE65003A524D /* UseCases */,
				11F2E9F929ABDE65003A524D /* Repository */,
			);
			path = Domain;
			sourceTree = "<group>";
		};
		11F2E9F929ABDE65003A524D /* Repository */ = {
			isa = PBXGroup;
			children = (
				11F2E9FA29ABDE65003A524D /* HomeRepository.swift */,
			);
			path = Repository;
			sourceTree = "<group>";
		};
		11F2E9FB29ABDE65003A524D /* UseCases */ = {
			isa = PBXGroup;
			children = (
				11F2E9FC29ABDE65003A524D /* HomeUseCasesFactory.swift */,
				11F2E9FD29ABDE65003A524D /* HomeUseCasesOutput.swift */,
				11F2E9FE29ABDE65003A524D /* HomeUseCases.swift */,
			);
			path = UseCases;
			sourceTree = "<group>";
		};
		11F2EA0C29ABE3BF003A524D /* BaseFiles */ = {
			isa = PBXGroup;
			children = (
				11F2E94D29ABDC6D003A524D /* AdHealth_TrackerApp.swift */,
			);
			path = BaseFiles;
			sourceTree = "<group>";
		};
		11F2EA1129ABF9E8003A524D /* CoreData */ = {
			isa = PBXGroup;
			children = (
				1118174229AD1C84008CF82B /* Models */,
				118D536C29AC16DD00B279F7 /* CoreDataControllerProtocol.swift */,
				118D536E29AC174B00B279F7 /* CoreDataController.swift */,
			);
			path = CoreData;
			sourceTree = "<group>";
		};
/* End PBXGroup section */

/* Begin PBXNativeTarget section */
		11F2E94929ABDC6D003A524D /* AdHealth Tracker */ = {
			isa = PBXNativeTarget;
			buildConfigurationList = 11F2E96E29ABDC6F003A524D /* Build configuration list for PBXNativeTarget "AdHealth Tracker" */;
			buildPhases = (
				11F2E94629ABDC6D003A524D /* Sources */,
				11F2E94729ABDC6D003A524D /* Frameworks */,
				11F2E94829ABDC6D003A524D /* Resources */,
			);
			buildRules = (
			);
			dependencies = (
			);
			name = "AdHealth Tracker";
			packageProductDependencies = (
				11F2EA0A29ABDF45003A524D /* ConfettiSwiftUI */,
			);
			productName = "AdHealth Tracker";
			productReference = 11F2E94A29ABDC6D003A524D /* AdHealth Tracker.app */;
			productType = "com.apple.product-type.application";
		};
		11F2E95929ABDC6F003A524D /* AdHealth TrackerTests */ = {
			isa = PBXNativeTarget;
			buildConfigurationList = 11F2E97129ABDC6F003A524D /* Build configuration list for PBXNativeTarget "AdHealth TrackerTests" */;
			buildPhases = (
				11F2E95629ABDC6F003A524D /* Sources */,
				11F2E95729ABDC6F003A524D /* Frameworks */,
				11F2E95829ABDC6F003A524D /* Resources */,
			);
			buildRules = (
			);
			dependencies = (
				11F2E95C29ABDC6F003A524D /* PBXTargetDependency */,
			);
			name = "AdHealth TrackerTests";
			productName = "AdHealth TrackerTests";
			productReference = 11F2E95A29ABDC6F003A524D /* AdHealth TrackerTests.xctest */;
			productType = "com.apple.product-type.bundle.unit-test";
		};
		11F2E96329ABDC6F003A524D /* AdHealth TrackerUITests */ = {
			isa = PBXNativeTarget;
			buildConfigurationList = 11F2E97429ABDC6F003A524D /* Build configuration list for PBXNativeTarget "AdHealth TrackerUITests" */;
			buildPhases = (
				11F2E96029ABDC6F003A524D /* Sources */,
				11F2E96129ABDC6F003A524D /* Frameworks */,
				11F2E96229ABDC6F003A524D /* Resources */,
			);
			buildRules = (
			);
			dependencies = (
				11F2E96629ABDC6F003A524D /* PBXTargetDependency */,
			);
			name = "AdHealth TrackerUITests";
			productName = "AdHealth TrackerUITests";
			productReference = 11F2E96429ABDC6F003A524D /* AdHealth TrackerUITests.xctest */;
			productType = "com.apple.product-type.bundle.ui-testing";
		};
/* End PBXNativeTarget section */

/* Begin PBXProject section */
		11F2E94229ABDC6D003A524D /* Project object */ = {
			isa = PBXProject;
			attributes = {
				BuildIndependentTargetsInParallel = 1;
				LastSwiftUpdateCheck = 1420;
				LastUpgradeCheck = 1420;
				TargetAttributes = {
					11F2E94929ABDC6D003A524D = {
						CreatedOnToolsVersion = 14.2;
					};
					11F2E95929ABDC6F003A524D = {
						CreatedOnToolsVersion = 14.2;
						TestTargetID = 11F2E94929ABDC6D003A524D;
					};
					11F2E96329ABDC6F003A524D = {
						CreatedOnToolsVersion = 14.2;
						TestTargetID = 11F2E94929ABDC6D003A524D;
					};
				};
			};
			buildConfigurationList = 11F2E94529ABDC6D003A524D /* Build configuration list for PBXProject "AdHealth Tracker" */;
			compatibilityVersion = "Xcode 14.0";
			developmentRegion = en;
			hasScannedForEncodings = 0;
			knownRegions = (
				en,
				Base,
				es,
			);
			mainGroup = 11F2E94129ABDC6D003A524D;
			packageReferences = (
				11F2EA0929ABDF45003A524D /* XCRemoteSwiftPackageReference "ConfettiSwiftUI" */,
			);
			productRefGroup = 11F2E94B29ABDC6D003A524D /* Products */;
			projectDirPath = "";
			projectRoot = "";
			targets = (
				11F2E94929ABDC6D003A524D /* AdHealth Tracker */,
				11F2E95929ABDC6F003A524D /* AdHealth TrackerTests */,
				11F2E96329ABDC6F003A524D /* AdHealth TrackerUITests */,
			);
		};
/* End PBXProject section */

/* Begin PBXResourcesBuildPhase section */
		11F2E94829ABDC6D003A524D /* Resources */ = {
			isa = PBXResourcesBuildPhase;
			buildActionMask = 2147483647;
			files = (
				11F2E95529ABDC6E003A524D /* Preview Assets.xcassets in Resources */,
				11F2E9E029ABDE2D003A524D /* Localizable.strings in Resources */,
				11F2E9E529ABDE2D003A524D /* ConfigurationProd.plist in Resources */,
				11F2E95229ABDC6E003A524D /* Assets.xcassets in Resources */,
				11F2E9E229ABDE2D003A524D /* ConfigurationDev.plist in Resources */,
			);
			runOnlyForDeploymentPostprocessing = 0;
		};
		11F2E95829ABDC6F003A524D /* Resources */ = {
			isa = PBXResourcesBuildPhase;
			buildActionMask = 2147483647;
			files = (
			);
			runOnlyForDeploymentPostprocessing = 0;
		};
		11F2E96229ABDC6F003A524D /* Resources */ = {
			isa = PBXResourcesBuildPhase;
			buildActionMask = 2147483647;
			files = (
			);
			runOnlyForDeploymentPostprocessing = 0;
		};
/* End PBXResourcesBuildPhase section */

/* Begin PBXSourcesBuildPhase section */
		11F2E94629ABDC6D003A524D /* Sources */ = {
			isa = PBXSourcesBuildPhase;
			buildActionMask = 2147483647;
			files = (
				11F2EA1629AC0179003A524D /* CoreDataModel.xcdatamodeld in Sources */,
				1118178229AD75CB008CF82B /* AdHealthAlert.swift in Sources */,
				11F2EA0729ABDE65003A524D /* HomeUseCasesOutput.swift in Sources */,
				118D536F29AC174B00B279F7 /* CoreDataController.swift in Sources */,
				11F2E9D329ABDE2D003A524D /* MeViewModel.swift in Sources */,
				1118177A29AD54EE008CF82B /* LaunchScreenUseCasesFactory.swift in Sources */,
				11F2EA0829ABDE65003A524D /* HomeUseCases.swift in Sources */,
				11F2E9C229ABDE2D003A524D /* Dictionary-Extension.swift in Sources */,
				11F2E9D829ABDE2D003A524D /* NetworkEndpoint.swift in Sources */,
				11F2E9D729ABDE2D003A524D /* NetworkControllerProtocol.swift in Sources */,
				11F2EA0529ABDE65003A524D /* HomeRepository.swift in Sources */,
				11F2EA0429ABDE65003A524D /* FirebaseAnalyticsHomeTracker.swift in Sources */,
				1118175529AD487A008CF82B /* HealthKitProtocol.swift in Sources */,
				11F2E9C129ABDE2D003A524D /* AppError-Model.swift in Sources */,
				11F2E9D929ABDE2D003A524D /* NetworkResponse.swift in Sources */,
				1118175829AD4AAA008CF82B /* LaunchScreenHealthKit.swift in Sources */,
				11F2E9FF29ABDE65003A524D /* HomeViewModel.swift in Sources */,
				11F2E9D629ABDE2D003A524D /* ExpButton.swift in Sources */,
				1118177929AD54EE008CF82B /* LaunchScreenUseCases.swift in Sources */,
				11F2E9C329ABDE2D003A524D /* TimeInterval-Extension.swift in Sources */,
				1118174829AD3CC6008CF82B /* HealthKitController.swift in Sources */,
				11F2E9CE29ABDE2D003A524D /* BackButtonView.swift in Sources */,
				11F2E9C629ABDE2D003A524D /* UIImpactFeedBack.swift in Sources */,
				11F2E9D429ABDE2D003A524D /* Me.swift in Sources */,
				11F2EA0E29ABE4EB003A524D /* HealthGoals-Model.swift in Sources */,
				1118177329AD54EE008CF82B /* LaunchScreen_Mocks.swift in Sources */,
				11F2E9DE29ABDE2D003A524D /* CloudKitAnalyticsEngine.swift in Sources */,
				1118178B29AD96A9008CF82B /* DailyGoalsView.swift in Sources */,
				1118177529AD54EE008CF82B /* LaunchScreenLocal.swift in Sources */,
				1118177629AD54EE008CF82B /* FirebaseAnalyticsLaunchScreenTracker.swift in Sources */,
				11F2E9D529ABDE2D003A524D /* MeView.swift in Sources */,
				11F2EA0229ABDE65003A524D /* HomeServer.swift in Sources */,
				1118177C29AD6754008CF82B /* AdButton.swift in Sources */,
				1118177129AD54EE008CF82B /* LaunchScreenViewModel.swift in Sources */,
				1118177429AD54EE008CF82B /* LaunchScreenServer.swift in Sources */,
				11F2E9E429ABDE2D003A524D /* ConfigurationManager.swift in Sources */,
				11F2E9C829ABDE2D003A524D /* StyleGuide.swift in Sources */,
				1118178029AD6E3F008CF82B /* AdHealthLoading.swift in Sources */,
				1118174529AD1CB2008CF82B /* HealthGoalsEntity.swift in Sources */,
				11F2E9DB29ABDE2D003A524D /* NetworkController.swift in Sources */,
				11F2EA0329ABDE65003A524D /* HomeLocal.swift in Sources */,
				11F2EA0629ABDE65003A524D /* HomeUseCasesFactory.swift in Sources */,
				11F2E9C429ABDE2D003A524D /* String-Extension.swift in Sources */,
				11F2E9C529ABDE2D003A524D /* Animation-Extension.swift in Sources */,
				11F2E9DD29ABDE2D003A524D /* AnalyticsEvent.swift in Sources */,
				1118177229AD54EE008CF82B /* LaunchScreenView.swift in Sources */,
				11F2E9E129ABDE2D003A524D /* ConfigReader.swift in Sources */,
				11F2EA0129ABDE65003A524D /* Home_Mocks.swift in Sources */,
				11F2EA1029ABE78A003A524D /* HomeServices.swift in Sources */,
				11F2E9DA29ABDE2D003A524D /* NetworkDecoder.swift in Sources */,
				1118177729AD54EE008CF82B /* LaunchScreenRepository.swift in Sources */,
				11F2E9DF29ABDE2D003A524D /* FirebaseAnalyticsEngine.swift in Sources */,
				11F2E9C929ABDE2D003A524D /* PreferencesKey.swift in Sources */,
				1118178929AD92F1008CF82B /* DailyGoalsCard.swift in Sources */,
				1118178529AD8572008CF82B /* GoalsDataView.swift in Sources */,
				118D536D29AC16DD00B279F7 /* CoreDataControllerProtocol.swift in Sources */,
				11F2E94E29ABDC6D003A524D /* AdHealth_TrackerApp.swift in Sources */,
				11F2EA0029ABDE65003A524D /* HomeView.swift in Sources */,
				1118177829AD54EE008CF82B /* LaunchScreenUseCasesOutput.swift in Sources */,
			);
			runOnlyForDeploymentPostprocessing = 0;
		};
		11F2E95629ABDC6F003A524D /* Sources */ = {
			isa = PBXSourcesBuildPhase;
			buildActionMask = 2147483647;
			files = (
				11F2E95F29ABDC6F003A524D /* AdHealth_TrackerTests.swift in Sources */,
			);
			runOnlyForDeploymentPostprocessing = 0;
		};
		11F2E96029ABDC6F003A524D /* Sources */ = {
			isa = PBXSourcesBuildPhase;
			buildActionMask = 2147483647;
			files = (
				11F2E96B29ABDC6F003A524D /* AdHealth_TrackerUITestsLaunchTests.swift in Sources */,
				11F2E96929ABDC6F003A524D /* AdHealth_TrackerUITests.swift in Sources */,
			);
			runOnlyForDeploymentPostprocessing = 0;
		};
/* End PBXSourcesBuildPhase section */

/* Begin PBXTargetDependency section */
		11F2E95C29ABDC6F003A524D /* PBXTargetDependency */ = {
			isa = PBXTargetDependency;
			target = 11F2E94929ABDC6D003A524D /* AdHealth Tracker */;
			targetProxy = 11F2E95B29ABDC6F003A524D /* PBXContainerItemProxy */;
		};
		11F2E96629ABDC6F003A524D /* PBXTargetDependency */ = {
			isa = PBXTargetDependency;
			target = 11F2E94929ABDC6D003A524D /* AdHealth Tracker */;
			targetProxy = 11F2E96529ABDC6F003A524D /* PBXContainerItemProxy */;
		};
/* End PBXTargetDependency section */

/* Begin PBXVariantGroup section */
		11F2E9B429ABDE2D003A524D /* Localizable.strings */ = {
			isa = PBXVariantGroup;
			children = (
				11F2E9B529ABDE2D003A524D /* en */,
				11F2E9B629ABDE2D003A524D /* es */,
			);
			name = Localizable.strings;
			sourceTree = "<group>";
		};
/* End PBXVariantGroup section */

/* Begin XCBuildConfiguration section */
		11F2E96C29ABDC6F003A524D /* Dev */ = {
			isa = XCBuildConfiguration;
			buildSettings = {
				ALWAYS_SEARCH_USER_PATHS = NO;
				CLANG_ANALYZER_NONNULL = YES;
				CLANG_ANALYZER_NUMBER_OBJECT_CONVERSION = YES_AGGRESSIVE;
				CLANG_CXX_LANGUAGE_STANDARD = "gnu++20";
				CLANG_ENABLE_MODULES = YES;
				CLANG_ENABLE_OBJC_ARC = YES;
				CLANG_ENABLE_OBJC_WEAK = YES;
				CLANG_WARN_BLOCK_CAPTURE_AUTORELEASING = YES;
				CLANG_WARN_BOOL_CONVERSION = YES;
				CLANG_WARN_COMMA = YES;
				CLANG_WARN_CONSTANT_CONVERSION = YES;
				CLANG_WARN_DEPRECATED_OBJC_IMPLEMENTATIONS = YES;
				CLANG_WARN_DIRECT_OBJC_ISA_USAGE = YES_ERROR;
				CLANG_WARN_DOCUMENTATION_COMMENTS = YES;
				CLANG_WARN_EMPTY_BODY = YES;
				CLANG_WARN_ENUM_CONVERSION = YES;
				CLANG_WARN_INFINITE_RECURSION = YES;
				CLANG_WARN_INT_CONVERSION = YES;
				CLANG_WARN_NON_LITERAL_NULL_CONVERSION = YES;
				CLANG_WARN_OBJC_IMPLICIT_RETAIN_SELF = YES;
				CLANG_WARN_OBJC_LITERAL_CONVERSION = YES;
				CLANG_WARN_OBJC_ROOT_CLASS = YES_ERROR;
				CLANG_WARN_QUOTED_INCLUDE_IN_FRAMEWORK_HEADER = YES;
				CLANG_WARN_RANGE_LOOP_ANALYSIS = YES;
				CLANG_WARN_STRICT_PROTOTYPES = YES;
				CLANG_WARN_SUSPICIOUS_MOVE = YES;
				CLANG_WARN_UNGUARDED_AVAILABILITY = YES_AGGRESSIVE;
				CLANG_WARN_UNREACHABLE_CODE = YES;
				CLANG_WARN__DUPLICATE_METHOD_MATCH = YES;
				COPY_PHASE_STRIP = NO;
				DEBUG_INFORMATION_FORMAT = dwarf;
				ENABLE_STRICT_OBJC_MSGSEND = YES;
				ENABLE_TESTABILITY = YES;
				GCC_C_LANGUAGE_STANDARD = gnu11;
				GCC_DYNAMIC_NO_PIC = NO;
				GCC_NO_COMMON_BLOCKS = YES;
				GCC_OPTIMIZATION_LEVEL = 0;
				GCC_PREPROCESSOR_DEFINITIONS = (
					"DEBUG=1",
					"$(inherited)",
				);
				GCC_WARN_64_TO_32_BIT_CONVERSION = YES;
				GCC_WARN_ABOUT_RETURN_TYPE = YES_ERROR;
				GCC_WARN_UNDECLARED_SELECTOR = YES;
				GCC_WARN_UNINITIALIZED_AUTOS = YES_AGGRESSIVE;
				GCC_WARN_UNUSED_FUNCTION = YES;
				GCC_WARN_UNUSED_VARIABLE = YES;
				IPHONEOS_DEPLOYMENT_TARGET = 16.2;
				MTL_ENABLE_DEBUG_INFO = INCLUDE_SOURCE;
				MTL_FAST_MATH = YES;
				ONLY_ACTIVE_ARCH = YES;
				SDKROOT = iphoneos;
				SWIFT_ACTIVE_COMPILATION_CONDITIONS = DEBUG;
				SWIFT_OPTIMIZATION_LEVEL = "-Onone";
			};
			name = Dev;
		};
		11F2E96D29ABDC6F003A524D /* Prod */ = {
			isa = XCBuildConfiguration;
			buildSettings = {
				ALWAYS_SEARCH_USER_PATHS = NO;
				CLANG_ANALYZER_NONNULL = YES;
				CLANG_ANALYZER_NUMBER_OBJECT_CONVERSION = YES_AGGRESSIVE;
				CLANG_CXX_LANGUAGE_STANDARD = "gnu++20";
				CLANG_ENABLE_MODULES = YES;
				CLANG_ENABLE_OBJC_ARC = YES;
				CLANG_ENABLE_OBJC_WEAK = YES;
				CLANG_WARN_BLOCK_CAPTURE_AUTORELEASING = YES;
				CLANG_WARN_BOOL_CONVERSION = YES;
				CLANG_WARN_COMMA = YES;
				CLANG_WARN_CONSTANT_CONVERSION = YES;
				CLANG_WARN_DEPRECATED_OBJC_IMPLEMENTATIONS = YES;
				CLANG_WARN_DIRECT_OBJC_ISA_USAGE = YES_ERROR;
				CLANG_WARN_DOCUMENTATION_COMMENTS = YES;
				CLANG_WARN_EMPTY_BODY = YES;
				CLANG_WARN_ENUM_CONVERSION = YES;
				CLANG_WARN_INFINITE_RECURSION = YES;
				CLANG_WARN_INT_CONVERSION = YES;
				CLANG_WARN_NON_LITERAL_NULL_CONVERSION = YES;
				CLANG_WARN_OBJC_IMPLICIT_RETAIN_SELF = YES;
				CLANG_WARN_OBJC_LITERAL_CONVERSION = YES;
				CLANG_WARN_OBJC_ROOT_CLASS = YES_ERROR;
				CLANG_WARN_QUOTED_INCLUDE_IN_FRAMEWORK_HEADER = YES;
				CLANG_WARN_RANGE_LOOP_ANALYSIS = YES;
				CLANG_WARN_STRICT_PROTOTYPES = YES;
				CLANG_WARN_SUSPICIOUS_MOVE = YES;
				CLANG_WARN_UNGUARDED_AVAILABILITY = YES_AGGRESSIVE;
				CLANG_WARN_UNREACHABLE_CODE = YES;
				CLANG_WARN__DUPLICATE_METHOD_MATCH = YES;
				COPY_PHASE_STRIP = NO;
				DEBUG_INFORMATION_FORMAT = "dwarf-with-dsym";
				ENABLE_NS_ASSERTIONS = NO;
				ENABLE_STRICT_OBJC_MSGSEND = YES;
				GCC_C_LANGUAGE_STANDARD = gnu11;
				GCC_NO_COMMON_BLOCKS = YES;
				GCC_WARN_64_TO_32_BIT_CONVERSION = YES;
				GCC_WARN_ABOUT_RETURN_TYPE = YES_ERROR;
				GCC_WARN_UNDECLARED_SELECTOR = YES;
				GCC_WARN_UNINITIALIZED_AUTOS = YES_AGGRESSIVE;
				GCC_WARN_UNUSED_FUNCTION = YES;
				GCC_WARN_UNUSED_VARIABLE = YES;
				IPHONEOS_DEPLOYMENT_TARGET = 16.2;
				MTL_ENABLE_DEBUG_INFO = NO;
				MTL_FAST_MATH = YES;
				SDKROOT = iphoneos;
				SWIFT_COMPILATION_MODE = wholemodule;
				SWIFT_OPTIMIZATION_LEVEL = "-O";
				VALIDATE_PRODUCT = YES;
			};
			name = Prod;
		};
		11F2E96F29ABDC6F003A524D /* Dev */ = {
			isa = XCBuildConfiguration;
			buildSettings = {
				ASSETCATALOG_COMPILER_APPICON_NAME = AppIcon;
				ASSETCATALOG_COMPILER_GLOBAL_ACCENT_COLOR_NAME = AccentColor;
				CODE_SIGN_ENTITLEMENTS = "AdHealth Tracker/AdHealth Tracker.entitlements";
				CODE_SIGN_STYLE = Automatic;
				CURRENT_PROJECT_VERSION = 1;
				DEVELOPMENT_ASSET_PATHS = "\"AdHealth Tracker/Preview Content\"";
				DEVELOPMENT_TEAM = 9YN8M69D6K;
				ENABLE_PREVIEWS = YES;
				GENERATE_INFOPLIST_FILE = YES;
				INFOPLIST_FILE = "AdHealth-Tracker-Info.plist";
				INFOPLIST_KEY_NSHealthShareUsageDescription = "This app requires to access your health data";
				INFOPLIST_KEY_NSHealthUpdateUsageDescription = "This app requires to access your health data";
				INFOPLIST_KEY_UIApplicationSupportsIndirectInputEvents = YES;
				INFOPLIST_KEY_UILaunchScreen_Generation = YES;
				INFOPLIST_KEY_UIRequiresFullScreen = YES;
				INFOPLIST_KEY_UISupportedInterfaceOrientations = UIInterfaceOrientationPortrait;
				INFOPLIST_KEY_UIUserInterfaceStyle = Dark;
				IPHONEOS_DEPLOYMENT_TARGET = 14.0;
				LD_RUNPATH_SEARCH_PATHS = (
					"$(inherited)",
					"@executable_path/Frameworks",
				);
				MARKETING_VERSION = 1.0;
				PRODUCT_BUNDLE_IDENTIFIER = "com.bryancms.AdHealth-Tracker";
				PRODUCT_NAME = "$(TARGET_NAME)";
				SWIFT_ACTIVE_COMPILATION_CONDITIONS = DEV;
				SWIFT_EMIT_LOC_STRINGS = YES;
				SWIFT_VERSION = 5.0;
				TARGETED_DEVICE_FAMILY = "1,2";
			};
			name = Dev;
		};
		11F2E97029ABDC6F003A524D /* Prod */ = {
			isa = XCBuildConfiguration;
			buildSettings = {
				ASSETCATALOG_COMPILER_APPICON_NAME = AppIcon;
				ASSETCATALOG_COMPILER_GLOBAL_ACCENT_COLOR_NAME = AccentColor;
				CODE_SIGN_ENTITLEMENTS = "AdHealth Tracker/AdHealth Tracker.entitlements";
				CODE_SIGN_STYLE = Automatic;
				CURRENT_PROJECT_VERSION = 1;
				DEVELOPMENT_ASSET_PATHS = "\"AdHealth Tracker/Preview Content\"";
				DEVELOPMENT_TEAM = 9YN8M69D6K;
				ENABLE_PREVIEWS = YES;
				GENERATE_INFOPLIST_FILE = YES;
				INFOPLIST_FILE = "AdHealth-Tracker-Info.plist";
				INFOPLIST_KEY_NSHealthShareUsageDescription = "This app requires to access your health data";
				INFOPLIST_KEY_NSHealthUpdateUsageDescription = "This app requires to access your health data";
				INFOPLIST_KEY_UIApplicationSupportsIndirectInputEvents = YES;
				INFOPLIST_KEY_UILaunchScreen_Generation = YES;
				INFOPLIST_KEY_UIRequiresFullScreen = YES;
				INFOPLIST_KEY_UISupportedInterfaceOrientations = UIInterfaceOrientationPortrait;
				INFOPLIST_KEY_UIUserInterfaceStyle = Dark;
				IPHONEOS_DEPLOYMENT_TARGET = 14.0;
				LD_RUNPATH_SEARCH_PATHS = (
					"$(inherited)",
					"@executable_path/Frameworks",
				);
				MARKETING_VERSION = 1.0;
				PRODUCT_BUNDLE_IDENTIFIER = "com.bryancms.AdHealth-Tracker";
				PRODUCT_NAME = "$(TARGET_NAME)";
				SWIFT_ACTIVE_COMPILATION_CONDITIONS = PROD;
				SWIFT_EMIT_LOC_STRINGS = YES;
				SWIFT_VERSION = 5.0;
				TARGETED_DEVICE_FAMILY = "1,2";
			};
			name = Prod;
		};
		11F2E97229ABDC6F003A524D /* Dev */ = {
			isa = XCBuildConfiguration;
			buildSettings = {
				ALWAYS_EMBED_SWIFT_STANDARD_LIBRARIES = YES;
				BUNDLE_LOADER = "$(TEST_HOST)";
				CODE_SIGN_STYLE = Automatic;
				CURRENT_PROJECT_VERSION = 1;
				DEVELOPMENT_TEAM = ZASPB3G349;
				GENERATE_INFOPLIST_FILE = YES;
				IPHONEOS_DEPLOYMENT_TARGET = 16.2;
				MARKETING_VERSION = 1.0;
				PRODUCT_BUNDLE_IDENTIFIER = "com.bryancms.AdHealth-TrackerTests";
				PRODUCT_NAME = "$(TARGET_NAME)";
				SWIFT_EMIT_LOC_STRINGS = NO;
				SWIFT_VERSION = 5.0;
				TARGETED_DEVICE_FAMILY = "1,2";
				TEST_HOST = "$(BUILT_PRODUCTS_DIR)/AdHealth Tracker.app/$(BUNDLE_EXECUTABLE_FOLDER_PATH)/AdHealth Tracker";
			};
			name = Dev;
		};
		11F2E97329ABDC6F003A524D /* Prod */ = {
			isa = XCBuildConfiguration;
			buildSettings = {
				ALWAYS_EMBED_SWIFT_STANDARD_LIBRARIES = YES;
				BUNDLE_LOADER = "$(TEST_HOST)";
				CODE_SIGN_STYLE = Automatic;
				CURRENT_PROJECT_VERSION = 1;
				DEVELOPMENT_TEAM = ZASPB3G349;
				GENERATE_INFOPLIST_FILE = YES;
				IPHONEOS_DEPLOYMENT_TARGET = 16.2;
				MARKETING_VERSION = 1.0;
				PRODUCT_BUNDLE_IDENTIFIER = "com.bryancms.AdHealth-TrackerTests";
				PRODUCT_NAME = "$(TARGET_NAME)";
				SWIFT_EMIT_LOC_STRINGS = NO;
				SWIFT_VERSION = 5.0;
				TARGETED_DEVICE_FAMILY = "1,2";
				TEST_HOST = "$(BUILT_PRODUCTS_DIR)/AdHealth Tracker.app/$(BUNDLE_EXECUTABLE_FOLDER_PATH)/AdHealth Tracker";
			};
			name = Prod;
		};
		11F2E97529ABDC6F003A524D /* Dev */ = {
			isa = XCBuildConfiguration;
			buildSettings = {
				ALWAYS_EMBED_SWIFT_STANDARD_LIBRARIES = YES;
				CODE_SIGN_STYLE = Automatic;
				CURRENT_PROJECT_VERSION = 1;
				DEVELOPMENT_TEAM = ZASPB3G349;
				GENERATE_INFOPLIST_FILE = YES;
				MARKETING_VERSION = 1.0;
				PRODUCT_BUNDLE_IDENTIFIER = "com.bryancms.AdHealth-TrackerUITests";
				PRODUCT_NAME = "$(TARGET_NAME)";
				SWIFT_EMIT_LOC_STRINGS = NO;
				SWIFT_VERSION = 5.0;
				TARGETED_DEVICE_FAMILY = "1,2";
				TEST_TARGET_NAME = "AdHealth Tracker";
			};
			name = Dev;
		};
		11F2E97629ABDC6F003A524D /* Prod */ = {
			isa = XCBuildConfiguration;
			buildSettings = {
				ALWAYS_EMBED_SWIFT_STANDARD_LIBRARIES = YES;
				CODE_SIGN_STYLE = Automatic;
				CURRENT_PROJECT_VERSION = 1;
				DEVELOPMENT_TEAM = ZASPB3G349;
				GENERATE_INFOPLIST_FILE = YES;
				MARKETING_VERSION = 1.0;
				PRODUCT_BUNDLE_IDENTIFIER = "com.bryancms.AdHealth-TrackerUITests";
				PRODUCT_NAME = "$(TARGET_NAME)";
				SWIFT_EMIT_LOC_STRINGS = NO;
				SWIFT_VERSION = 5.0;
				TARGETED_DEVICE_FAMILY = "1,2";
				TEST_TARGET_NAME = "AdHealth Tracker";
			};
			name = Prod;
		};
/* End XCBuildConfiguration section */

/* Begin XCConfigurationList section */
		11F2E94529ABDC6D003A524D /* Build configuration list for PBXProject "AdHealth Tracker" */ = {
			isa = XCConfigurationList;
			buildConfigurations = (
				11F2E96C29ABDC6F003A524D /* Dev */,
				11F2E96D29ABDC6F003A524D /* Prod */,
			);
			defaultConfigurationIsVisible = 0;
			defaultConfigurationName = Prod;
		};
		11F2E96E29ABDC6F003A524D /* Build configuration list for PBXNativeTarget "AdHealth Tracker" */ = {
			isa = XCConfigurationList;
			buildConfigurations = (
				11F2E96F29ABDC6F003A524D /* Dev */,
				11F2E97029ABDC6F003A524D /* Prod */,
			);
			defaultConfigurationIsVisible = 0;
			defaultConfigurationName = Prod;
		};
		11F2E97129ABDC6F003A524D /* Build configuration list for PBXNativeTarget "AdHealth TrackerTests" */ = {
			isa = XCConfigurationList;
			buildConfigurations = (
				11F2E97229ABDC6F003A524D /* Dev */,
				11F2E97329ABDC6F003A524D /* Prod */,
			);
			defaultConfigurationIsVisible = 0;
			defaultConfigurationName = Prod;
		};
		11F2E97429ABDC6F003A524D /* Build configuration list for PBXNativeTarget "AdHealth TrackerUITests" */ = {
			isa = XCConfigurationList;
			buildConfigurations = (
				11F2E97529ABDC6F003A524D /* Dev */,
				11F2E97629ABDC6F003A524D /* Prod */,
			);
			defaultConfigurationIsVisible = 0;
			defaultConfigurationName = Prod;
		};
/* End XCConfigurationList section */

/* Begin XCRemoteSwiftPackageReference section */
		11F2EA0929ABDF45003A524D /* XCRemoteSwiftPackageReference "ConfettiSwiftUI" */ = {
			isa = XCRemoteSwiftPackageReference;
			repositoryURL = "https://github.com/simibac/ConfettiSwiftUI.git";
			requirement = {
				branch = master;
				kind = branch;
			};
		};
/* End XCRemoteSwiftPackageReference section */

/* Begin XCSwiftPackageProductDependency section */
		11F2EA0A29ABDF45003A524D /* ConfettiSwiftUI */ = {
			isa = XCSwiftPackageProductDependency;
			package = 11F2EA0929ABDF45003A524D /* XCRemoteSwiftPackageReference "ConfettiSwiftUI" */;
			productName = ConfettiSwiftUI;
		};
/* End XCSwiftPackageProductDependency section */

/* Begin XCVersionGroup section */
		11F2EA1429AC0179003A524D /* CoreDataModel.xcdatamodeld */ = {
			isa = XCVersionGroup;
			children = (
				11F2EA1529AC0179003A524D /* CoreDataModel.xcdatamodel */,
			);
			currentVersion = 11F2EA1529AC0179003A524D /* CoreDataModel.xcdatamodel */;
			path = CoreDataModel.xcdatamodeld;
			sourceTree = "<group>";
			versionGroupType = wrapper.xcdatamodel;
		};
/* End XCVersionGroup section */
	};
	rootObject = 11F2E94229ABDC6D003A524D /* Project object */;
}
